
Microsoft Visual Studio Solution File, Format Version 12.00
# Visual Studio Version 16
VisualStudioVersion = 16.0.29326.143
MinimumVisualStudioVersion = 10.0.40219.1
Project("{FAE04EC0-301F-11D3-BF4B-00C04F79EFBC}") = "Task1", "..\..\..\..\temp\it-academy_hws-hw_02\hm_02\Task1\Task1.csproj", "{88385DD1-1598-44BE-97D6-BDD0C47ACA0E}"
EndProject
Project("{FAE04EC0-301F-11D3-BF4B-00C04F79EFBC}") = "Task2", "..\..\..\..\temp\it-academy_hws-hw_02\hm_02\Task2\Task2.csproj", "{641417E4-02DC-4759-B57A-71EDC12DE245}"
EndProject
Project("{2150E333-8FDC-42A3-9474-1A3956D46DE8}") = "hw_02", "hw_02", "{7B33C3B8-B8B0-455E-BEE2-710B209AD3E3}"
EndProject
Global
	GlobalSection(SolutionConfigurationPlatforms) = preSolution
		Debug|Any CPU = Debug|Any CPU
		Release|Any CPU = Release|Any CPU
	EndGlobalSection
	GlobalSection(ProjectConfigurationPlatforms) = postSolution
		{88385DD1-1598-44BE-97D6-BDD0C47ACA0E}.Debug|Any CPU.ActiveCfg = Debug|Any CPU
		{88385DD1-1598-44BE-97D6-BDD0C47ACA0E}.Debug|Any CPU.Build.0 = Debug|Any CPU
		{88385DD1-1598-44BE-97D6-BDD0C47ACA0E}.Release|Any CPU.ActiveCfg = Release|Any CPU
		{88385DD1-1598-44BE-97D6-BDD0C47ACA0E}.Release|Any CPU.Build.0 = Release|Any CPU
		{641417E4-02DC-4759-B57A-71EDC12DE245}.Debug|Any CPU.ActiveCfg = Debug|Any CPU
		{641417E4-02DC-4759-B57A-71EDC12DE245}.Debug|Any CPU.Build.0 = Debug|Any CPU
		{641417E4-02DC-4759-B57A-71EDC12DE245}.Release|Any CPU.ActiveCfg = Release|Any CPU
		{641417E4-02DC-4759-B57A-71EDC12DE245}.Release|Any CPU.Build.0 = Release|Any CPU
	EndGlobalSection
	GlobalSection(SolutionProperties) = preSolution
		HideSolutionNode = FALSE
	EndGlobalSection
	GlobalSection(NestedProjects) = preSolution
		{88385DD1-1598-44BE-97D6-BDD0C47ACA0E} = {7B33C3B8-B8B0-455E-BEE2-710B209AD3E3}
		{641417E4-02DC-4759-B57A-71EDC12DE245} = {7B33C3B8-B8B0-455E-BEE2-710B209AD3E3}
	EndGlobalSection
	GlobalSection(ExtensibilityGlobals) = postSolution
		SolutionGuid = {249BBF86-7889-480F-862E-52C5119BF7B0}
	EndGlobalSection
EndGlobal
