
Microsoft Visual Studio Solution File, Format Version 12.00
# Visual Studio Version 16
VisualStudioVersion = 16.0.29326.143
MinimumVisualStudioVersion = 10.0.40219.1
Project("{FAE04EC0-301F-11D3-BF4B-00C04F79EFBC}") = "Task1", "..\hw_05\Task1\Task1.csproj", "{7A102FBD-AE83-4CD9-A8E7-1F9599EDD72E}"
EndProject
Project("{FAE04EC0-301F-11D3-BF4B-00C04F79EFBC}") = "Task2", "..\hw_05\Task2\Task2.csproj", "{FC129319-3178-4542-89CB-2EBED16A2C5F}"
EndProject
Project("{FAE04EC0-301F-11D3-BF4B-00C04F79EFBC}") = "Task3", "..\hw_05\Task3\Task3.csproj", "{2B6D3FF9-F047-406A-B3B3-E894D4456B54}"
EndProject
Global
	GlobalSection(SolutionConfigurationPlatforms) = preSolution
		Debug|Any CPU = Debug|Any CPU
		Release|Any CPU = Release|Any CPU
	EndGlobalSection
	GlobalSection(ProjectConfigurationPlatforms) = postSolution
		{7A102FBD-AE83-4CD9-A8E7-1F9599EDD72E}.Debug|Any CPU.ActiveCfg = Debug|Any CPU
		{7A102FBD-AE83-4CD9-A8E7-1F9599EDD72E}.Debug|Any CPU.Build.0 = Debug|Any CPU
		{7A102FBD-AE83-4CD9-A8E7-1F9599EDD72E}.Release|Any CPU.ActiveCfg = Release|Any CPU
		{7A102FBD-AE83-4CD9-A8E7-1F9599EDD72E}.Release|Any CPU.Build.0 = Release|Any CPU
		{FC129319-3178-4542-89CB-2EBED16A2C5F}.Debug|Any CPU.ActiveCfg = Debug|Any CPU
		{FC129319-3178-4542-89CB-2EBED16A2C5F}.Debug|Any CPU.Build.0 = Debug|Any CPU
		{FC129319-3178-4542-89CB-2EBED16A2C5F}.Release|Any CPU.ActiveCfg = Release|Any CPU
		{FC129319-3178-4542-89CB-2EBED16A2C5F}.Release|Any CPU.Build.0 = Release|Any CPU
		{2B6D3FF9-F047-406A-B3B3-E894D4456B54}.Debug|Any CPU.ActiveCfg = Debug|Any CPU
		{2B6D3FF9-F047-406A-B3B3-E894D4456B54}.Debug|Any CPU.Build.0 = Debug|Any CPU
		{2B6D3FF9-F047-406A-B3B3-E894D4456B54}.Release|Any CPU.ActiveCfg = Release|Any CPU
		{2B6D3FF9-F047-406A-B3B3-E894D4456B54}.Release|Any CPU.Build.0 = Release|Any CPU
	EndGlobalSection
	GlobalSection(SolutionProperties) = preSolution
		HideSolutionNode = FALSE
	EndGlobalSection
	GlobalSection(ExtensibilityGlobals) = postSolution
		SolutionGuid = {249BBF86-7889-480F-862E-52C5119BF7B0}
	EndGlobalSection
EndGlobal
