
Microsoft Visual Studio Solution File, Format Version 12.00
# Visual Studio Version 16
VisualStudioVersion = 16.0.29326.143
MinimumVisualStudioVersion = 10.0.40219.1
Project("{FAE04EC0-301F-11D3-BF4B-00C04F79EFBC}") = "Task1", "..\hw_03\Task1\Task1.csproj", "{80213911-8704-4784-BCF1-903DFA590F08}"
EndProject
Project("{FAE04EC0-301F-11D3-BF4B-00C04F79EFBC}") = "Task2", "..\hw_03\Task2\Task2.csproj", "{53DB092F-1489-48C4-B5C3-DF188DFBF6CE}"
EndProject
Project("{FAE04EC0-301F-11D3-BF4B-00C04F79EFBC}") = "Task3", "..\hw_03\Task3\Task3.csproj", "{E02EE350-9331-4BB3-A1FA-875FA7016282}"
EndProject
Project("{FAE04EC0-301F-11D3-BF4B-00C04F79EFBC}") = "Task4", "..\hw_03\Task4\Task4.csproj", "{0D6DDE0F-E4FD-431C-8905-1599746A0117}"
EndProject
Global
	GlobalSection(SolutionConfigurationPlatforms) = preSolution
		Debug|Any CPU = Debug|Any CPU
		Release|Any CPU = Release|Any CPU
	EndGlobalSection
	GlobalSection(ProjectConfigurationPlatforms) = postSolution
		{80213911-8704-4784-BCF1-903DFA590F08}.Debug|Any CPU.ActiveCfg = Debug|Any CPU
		{80213911-8704-4784-BCF1-903DFA590F08}.Debug|Any CPU.Build.0 = Debug|Any CPU
		{80213911-8704-4784-BCF1-903DFA590F08}.Release|Any CPU.ActiveCfg = Release|Any CPU
		{80213911-8704-4784-BCF1-903DFA590F08}.Release|Any CPU.Build.0 = Release|Any CPU
		{53DB092F-1489-48C4-B5C3-DF188DFBF6CE}.Debug|Any CPU.ActiveCfg = Debug|Any CPU
		{53DB092F-1489-48C4-B5C3-DF188DFBF6CE}.Debug|Any CPU.Build.0 = Debug|Any CPU
		{53DB092F-1489-48C4-B5C3-DF188DFBF6CE}.Release|Any CPU.ActiveCfg = Release|Any CPU
		{53DB092F-1489-48C4-B5C3-DF188DFBF6CE}.Release|Any CPU.Build.0 = Release|Any CPU
		{E02EE350-9331-4BB3-A1FA-875FA7016282}.Debug|Any CPU.ActiveCfg = Debug|Any CPU
		{E02EE350-9331-4BB3-A1FA-875FA7016282}.Debug|Any CPU.Build.0 = Debug|Any CPU
		{E02EE350-9331-4BB3-A1FA-875FA7016282}.Release|Any CPU.ActiveCfg = Release|Any CPU
		{E02EE350-9331-4BB3-A1FA-875FA7016282}.Release|Any CPU.Build.0 = Release|Any CPU
		{0D6DDE0F-E4FD-431C-8905-1599746A0117}.Debug|Any CPU.ActiveCfg = Debug|Any CPU
		{0D6DDE0F-E4FD-431C-8905-1599746A0117}.Debug|Any CPU.Build.0 = Debug|Any CPU
		{0D6DDE0F-E4FD-431C-8905-1599746A0117}.Release|Any CPU.ActiveCfg = Release|Any CPU
		{0D6DDE0F-E4FD-431C-8905-1599746A0117}.Release|Any CPU.Build.0 = Release|Any CPU
	EndGlobalSection
	GlobalSection(SolutionProperties) = preSolution
		HideSolutionNode = FALSE
	EndGlobalSection
	GlobalSection(ExtensibilityGlobals) = postSolution
		SolutionGuid = {249BBF86-7889-480F-862E-52C5119BF7B0}
	EndGlobalSection
EndGlobal
